
Microsoft Visual Studio Solution File, Format Version 12.00
# Visual Studio 15
VisualStudioVersion = 15.0.26124.0
MinimumVisualStudioVersion = 15.0.26124.0
Project("{2150E333-8FDC-42A3-9474-1A3956D46DE8}") = "src", "src", "{0506FF94-B6F2-4AAD-8CFB-D20059544EC1}"
EndProject
Project("{FAE04EC0-301F-11D3-BF4B-00C04F79EFBC}") = "GradeBook", "src\GradeBook\GradeBook.csproj", "{70DA6949-0DFB-43C5-BBF4-D84FC800D54B}"
EndProject
Project("{2150E333-8FDC-42A3-9474-1A3956D46DE8}") = "test", "test", "{CBAA006A-35DF-44EE-B258-231BAD0AF4CE}"
EndProject
Project("{FAE04EC0-301F-11D3-BF4B-00C04F79EFBC}") = "GradeBook.Tests", "test\GradeBook.Tests\GradeBook.Tests.csproj", "{A1A7D6CE-5D29-43B1-A870-D748CB4BE9E0}"
EndProject
Global
	GlobalSection(SolutionConfigurationPlatforms) = preSolution
		Debug|Any CPU = Debug|Any CPU
		Debug|x64 = Debug|x64
		Debug|x86 = Debug|x86
		Release|Any CPU = Release|Any CPU
		Release|x64 = Release|x64
		Release|x86 = Release|x86
	EndGlobalSection
	GlobalSection(SolutionProperties) = preSolution
		HideSolutionNode = FALSE
	EndGlobalSection
	GlobalSection(ProjectConfigurationPlatforms) = postSolution
		{70DA6949-0DFB-43C5-BBF4-D84FC800D54B}.Debug|Any CPU.ActiveCfg = Debug|Any CPU
		{70DA6949-0DFB-43C5-BBF4-D84FC800D54B}.Debug|Any CPU.Build.0 = Debug|Any CPU
		{70DA6949-0DFB-43C5-BBF4-D84FC800D54B}.Debug|x64.ActiveCfg = Debug|Any CPU
		{70DA6949-0DFB-43C5-BBF4-D84FC800D54B}.Debug|x64.Build.0 = Debug|Any CPU
		{70DA6949-0DFB-43C5-BBF4-D84FC800D54B}.Debug|x86.ActiveCfg = Debug|Any CPU
		{70DA6949-0DFB-43C5-BBF4-D84FC800D54B}.Debug|x86.Build.0 = Debug|Any CPU
		{70DA6949-0DFB-43C5-BBF4-D84FC800D54B}.Release|Any CPU.ActiveCfg = Release|Any CPU
		{70DA6949-0DFB-43C5-BBF4-D84FC800D54B}.Release|Any CPU.Build.0 = Release|Any CPU
		{70DA6949-0DFB-43C5-BBF4-D84FC800D54B}.Release|x64.ActiveCfg = Release|Any CPU
		{70DA6949-0DFB-43C5-BBF4-D84FC800D54B}.Release|x64.Build.0 = Release|Any CPU
		{70DA6949-0DFB-43C5-BBF4-D84FC800D54B}.Release|x86.ActiveCfg = Release|Any CPU
		{70DA6949-0DFB-43C5-BBF4-D84FC800D54B}.Release|x86.Build.0 = Release|Any CPU
		{A1A7D6CE-5D29-43B1-A870-D748CB4BE9E0}.Debug|Any CPU.ActiveCfg = Debug|Any CPU
		{A1A7D6CE-5D29-43B1-A870-D748CB4BE9E0}.Debug|Any CPU.Build.0 = Debug|Any CPU
		{A1A7D6CE-5D29-43B1-A870-D748CB4BE9E0}.Debug|x64.ActiveCfg = Debug|Any CPU
		{A1A7D6CE-5D29-43B1-A870-D748CB4BE9E0}.Debug|x64.Build.0 = Debug|Any CPU
		{A1A7D6CE-5D29-43B1-A870-D748CB4BE9E0}.Debug|x86.ActiveCfg = Debug|Any CPU
		{A1A7D6CE-5D29-43B1-A870-D748CB4BE9E0}.Debug|x86.Build.0 = Debug|Any CPU
		{A1A7D6CE-5D29-43B1-A870-D748CB4BE9E0}.Release|Any CPU.ActiveCfg = Release|Any CPU
		{A1A7D6CE-5D29-43B1-A870-D748CB4BE9E0}.Release|Any CPU.Build.0 = Release|Any CPU
		{A1A7D6CE-5D29-43B1-A870-D748CB4BE9E0}.Release|x64.ActiveCfg = Release|Any CPU
		{A1A7D6CE-5D29-43B1-A870-D748CB4BE9E0}.Release|x64.Build.0 = Release|Any CPU
		{A1A7D6CE-5D29-43B1-A870-D748CB4BE9E0}.Release|x86.ActiveCfg = Release|Any CPU
		{A1A7D6CE-5D29-43B1-A870-D748CB4BE9E0}.Release|x86.Build.0 = Release|Any CPU
	EndGlobalSection
	GlobalSection(NestedProjects) = preSolution
		{70DA6949-0DFB-43C5-BBF4-D84FC800D54B} = {0506FF94-B6F2-4AAD-8CFB-D20059544EC1}
		{A1A7D6CE-5D29-43B1-A870-D748CB4BE9E0} = {CBAA006A-35DF-44EE-B258-231BAD0AF4CE}
	EndGlobalSection
EndGlobal
