
Microsoft Visual Studio Solution File, Format Version 12.00
# Visual Studio Version 16
VisualStudioVersion = 16.0.30104.148
MinimumVisualStudioVersion = 10.0.40219.1
Project("{FAE04EC0-301F-11D3-BF4B-00C04F79EFBC}") = "FirstHelloWorld", "FirstHelloWorld\FirstHelloWorld.csproj", "{CBD9EBC4-30FD-4E67-916F-C406238C8B09}"
EndProject
Global
	GlobalSection(SolutionConfigurationPlatforms) = preSolution
		Debug|Any CPU = Debug|Any CPU
		Release|Any CPU = Release|Any CPU
	EndGlobalSection
	GlobalSection(ProjectConfigurationPlatforms) = postSolution
		{CBD9EBC4-30FD-4E67-916F-C406238C8B09}.Debug|Any CPU.ActiveCfg = Debug|Any CPU
		{CBD9EBC4-30FD-4E67-916F-C406238C8B09}.Debug|Any CPU.Build.0 = Debug|Any CPU
		{CBD9EBC4-30FD-4E67-916F-C406238C8B09}.Release|Any CPU.ActiveCfg = Release|Any CPU
		{CBD9EBC4-30FD-4E67-916F-C406238C8B09}.Release|Any CPU.Build.0 = Release|Any CPU
	EndGlobalSection
	GlobalSection(SolutionProperties) = preSolution
		HideSolutionNode = FALSE
	EndGlobalSection
	GlobalSection(ExtensibilityGlobals) = postSolution
		SolutionGuid = {7169F9D8-7441-479D-8A9A-F95FD0F0529A}
	EndGlobalSection
EndGlobal
